github.com/gomarkdown/markdown v0.0.0-20240626202925-2eda941fd024 h1:saBP362Qm7zDdDXqv61kI4rzhmLFq3Z1gx34xpl6cWE=
github.com/gomarkdown/markdown v0.0.0-20240626202925-2eda941fd024/go.mod h1:JDGcbDT52eL4fju3sZ4TeHGsQwhG9nbDV21aMyhwPoA=
github.com/quii/learn-go-with-tests v0.0.0-20241122141118-44f983b2eed5 h1:AgunaGGpL8s17mvmMlJkieQgIti/pmQnZjflUe/JBq4=
github.com/quii/learn-go-with-tests v0.0.0-20241122141118-44f983b2eed5/go.mod h1:8df/bWf98yqHWMZ0tDvCTKVLSlINImOYk//zmCjrM4E=
